
Microsoft Visual Studio Solution File, Format Version 12.00
# Visual Studio Version 16
VisualStudioVersion = 16.0.31129.286
MinimumVisualStudioVersion = 10.0.40219.1
Project("{FAE04EC0-301F-11D3-BF4B-00C04F79EFBC}") = "azurequeue", "azurequeue\azurequeue.csproj", "{98E55CCE-5A1D-4318-93F3-C603183F471E}"
EndProject
Global
	GlobalSection(SolutionConfigurationPlatforms) = preSolution
		Debug|Any CPU = Debug|Any CPU
		Release|Any CPU = Release|Any CPU
	EndGlobalSection
	GlobalSection(ProjectConfigurationPlatforms) = postSolution
		{98E55CCE-5A1D-4318-93F3-C603183F471E}.Debug|Any CPU.ActiveCfg = Debug|Any CPU
		{98E55CCE-5A1D-4318-93F3-C603183F471E}.Debug|Any CPU.Build.0 = Debug|Any CPU
		{98E55CCE-5A1D-4318-93F3-C603183F471E}.Release|Any CPU.ActiveCfg = Release|Any CPU
		{98E55CCE-5A1D-4318-93F3-C603183F471E}.Release|Any CPU.Build.0 = Release|Any CPU
	EndGlobalSection
	GlobalSection(SolutionProperties) = preSolution
		HideSolutionNode = FALSE
	EndGlobalSection
	GlobalSection(ExtensibilityGlobals) = postSolution
		SolutionGuid = {6B7CFD63-F003-4515-9445-A76C1E9FB2FA}
	EndGlobalSection
EndGlobal
